{
  "name": "sociedad-sitemap",
  "version": "1.0.0",
  "lockfileVersion": 3,
  "requires": true,
  "packages": {
    "": {
      "name": "sociedad-sitemap",
      "version": "1.0.0",
      "license": "ISC",
      "dependencies": {
        "@opensearch-project/opensearch": "^3.5.1",
        "command-line-args": "^6.0.0",
        "node-uri": "^1.1.2"
      }
    },
    "node_modules/@opensearch-project/opensearch": {
      "version": "3.5.1",
      "resolved": "https://registry.npmjs.org/@opensearch-project/opensearch/-/opensearch-3.5.1.tgz",
      "integrity": "sha512-6bf+HcuERzAtHZxrm6phjref54ABse39BpkDie/YO3AUFMCBrb3SK5okKSdT5n3+nDRuEEQLhQCl0RQV3s1qpA==",
      "dependencies": {
        "aws4": "^1.11.0",
        "debug": "^4.3.1",
        "hpagent": "^1.2.0",
        "json11": "^2.0.0",
        "ms": "^2.1.3",
        "secure-json-parse": "^2.4.0"
      },
      "engines": {
        "node": ">=14",
        "yarn": "^1.22.10"
      }
    },
    "node_modules/array-back": {
      "version": "6.2.2",
      "resolved": "https://registry.npmjs.org/array-back/-/array-back-6.2.2.tgz",
      "integrity": "sha512-gUAZ7HPyb4SJczXAMUXMGAvI976JoK3qEx9v1FTmeYuJj0IBiaKttG1ydtGKdkfqWkIkouke7nG8ufGy77+Cvw==",
      "engines": {
        "node": ">=12.17"
      }
    },
    "node_modules/aws4": {
      "version": "1.13.2",
      "resolved": "https://registry.npmjs.org/aws4/-/aws4-1.13.2.tgz",
      "integrity": "sha512-lHe62zvbTB5eEABUVi/AwVh0ZKY9rMMDhmm+eeyuuUQbQ3+J+fONVQOZyj+DdrvD4BY33uYniyRJ4UJIaSKAfw=="
    },
    "node_modules/command-line-args": {
      "version": "6.0.0",
      "resolved": "https://registry.npmjs.org/command-line-args/-/command-line-args-6.0.0.tgz",
      "integrity": "sha512-zDdHxHzlCp/gA1gy0VtPK3YL0Aob3ijJdwZ7H3HSl55hh8EziLtRlyj/od8EGRJfX8IjussC/mQkScl2Ms5Suw==",
      "dependencies": {
        "array-back": "^6.2.2",
        "find-replace": "^5.0.1",
        "lodash.camelcase": "^4.3.0",
        "typical": "^7.1.1"
      },
      "engines": {
        "node": ">=12.20"
      }
    },
    "node_modules/debug": {
      "version": "4.4.1",
      "resolved": "https://registry.npmjs.org/debug/-/debug-4.4.1.tgz",
      "integrity": "sha512-KcKCqiftBJcZr++7ykoDIEwSa3XWowTfNPo92BYxjXiyYEVrUQh2aLyhxBCwww+heortUFxEJYcRzosstTEBYQ==",
      "dependencies": {
        "ms": "^2.1.3"
      },
      "engines": {
        "node": ">=6.0"
      },
      "peerDependenciesMeta": {
        "supports-color": {
          "optional": true
        }
      }
    },
    "node_modules/find-replace": {
      "version": "5.0.1",
      "resolved": "https://registry.npmjs.org/find-replace/-/find-replace-5.0.1.tgz",
      "integrity": "sha512-o5/Y8HrCNRuFF5rdNTkX8Vhv6kTFTV0t1zIoigwlCdbkA9qaapRzxvWPND2VvlFa9LBI05Q1i8ml/saMqkOJUQ==",
      "dependencies": {
        "array-back": "^6.2.2"
      },
      "engines": {
        "node": ">=14"
      }
    },
    "node_modules/hpagent": {
      "version": "1.2.0",
      "resolved": "https://registry.npmjs.org/hpagent/-/hpagent-1.2.0.tgz",
      "integrity": "sha512-A91dYTeIB6NoXG+PxTQpCCDDnfHsW9kc06Lvpu1TEe9gnd6ZFeiBoRO9JvzEv6xK7EX97/dUE8g/vBMTqTS3CA==",
      "engines": {
        "node": ">=14"
      }
    },
    "node_modules/json11": {
      "version": "2.0.2",
      "resolved": "https://registry.npmjs.org/json11/-/json11-2.0.2.tgz",
      "integrity": "sha512-HIrd50UPYmP6sqLuLbFVm75g16o0oZrVfxrsY0EEys22klz8mRoWlX9KAEDOSOR9Q34rcxsyC8oDveGrCz5uLQ==",
      "bin": {
        "json11": "dist/cli.mjs"
      }
    },
    "node_modules/lodash.camelcase": {
      "version": "4.3.0",
      "resolved": "https://registry.npmjs.org/lodash.camelcase/-/lodash.camelcase-4.3.0.tgz",
      "integrity": "sha512-TwuEnCnxbc3rAvhf/LbG7tJUDzhqXyFnv3dtzLOPgCG/hODL7WFnsbwktkD7yUV0RrreP/l1PALq/YSg6VvjlA=="
    },
    "node_modules/ms": {
      "version": "2.1.3",
      "resolved": "https://registry.npmjs.org/ms/-/ms-2.1.3.tgz",
      "integrity": "sha512-6FlzubTLZG3J2a/NVCAleEhjzq5oxgHyaCU9yYXvcLsvoVaHJq/s5xXI6/XXP6tz7R9xAOtHnSO/tXtF3WRTlA=="
    },
    "node_modules/node-uri": {
      "version": "1.1.2",
      "resolved": "https://registry.npmjs.org/node-uri/-/node-uri-1.1.2.tgz",
      "integrity": "sha512-SeabI37cRDzpEpASRDaLdvKIbFUvD4WATzaHJaE02M6oK9oZuvgoQJoYLltGuzIgul6O2GvtQHoFwTavT+Wt1Q==",
      "engines": {
        "node": ">=8.17.0",
        "npm": ">=6.13.4"
      }
    },
    "node_modules/secure-json-parse": {
      "version": "2.7.0",
      "resolved": "https://registry.npmjs.org/secure-json-parse/-/secure-json-parse-2.7.0.tgz",
      "integrity": "sha512-6aU+Rwsezw7VR8/nyvKTx8QpWH9FrcYiXXlqC4z5d5XQBDRqtbfsRjnwGyqbi3gddNtWHuEk9OANUotL26qKUw=="
    },
    "node_modules/typical": {
      "version": "7.1.1",
      "resolved": "https://registry.npmjs.org/typical/-/typical-7.1.1.tgz",
      "integrity": "sha512-T+tKVNs6Wu7IWiAce5BgMd7OZfNYUndHwc5MknN+UHOudi7sGZzuHdCadllRuqJ3fPtgFtIH9+lt9qRv6lmpfA==",
      "engines": {
        "node": ">=12.17"
      }
    }
  }
}
